github.com/mroth/weightedrand/v2 v2.1.0 h1:o1ascnB1CIVzsqlfArQQjeMy1U0NcIbBO5rfd5E/OeU=
github.com/mroth/weightedrand/v2 v2.1.0/go.mod h1:f2faGsfOGOwc1p94wzHKKZyTpcJUW7OJ/9U4yfiNAOU=
github.com/mtgban/go-mtgban v0.6.12-0.20260806213336-cad90ce017d4 h1:Ci7JJuiV2gRhGeqZeGqESj+mHV1iEVn7vgRPiJDunlw=
github.com/mtgban/go-mtgban v0.6.12-0.20260806213336-cad90ce017d4/go.mod h1:ifRnJzoMYIwIE40EAJCgTU+24wErFadcvYnjLzNlJMg=
golang.org/x/text v0.38.0 h1:sXmwo9DwP3OK9EZ7PqAdaooSGozfl/3a6/xJcbzPRhE=
golang.org/x/text v0.38.0/go.mod h1:YXZt3QhHUKYT53r2lLKFIVi6Ao1jdzrTR/KQ09qyxF4=
